
Microsoft Visual Studio Solution File, Format Version 12.00
# Visual Studio Version 17
VisualStudioVersion = 17.0.31903.59
MinimumVisualStudioVersion = 10.0.40219.1
Project("{FAE04EC0-301F-11D3-BF4B-00C04F79EFBC}") = "t7ady1", "t7ady1\t7ady1.csproj", "{DCACB667-2BCA-4BAC-9EB8-3C48961CA610}"
EndProject
Project("{FAE04EC0-301F-11D3-BF4B-00C04F79EFBC}") = "t7ady2", "t7ady2\t7ady2.csproj", "{74424ACD-5E39-403C-A21D-717AC58047F4}"
EndProject
Project("{FAE04EC0-301F-11D3-BF4B-00C04F79EFBC}") = "t7ady3", "t7ady3\t7ady3.csproj", "{F3CF4D73-CEC0-40E6-9436-F4068232C5C6}"
EndProject
Global
	GlobalSection(SolutionConfigurationPlatforms) = preSolution
		Debug|Any CPU = Debug|Any CPU
		Release|Any CPU = Release|Any CPU
	EndGlobalSection
	GlobalSection(SolutionProperties) = preSolution
		HideSolutionNode = FALSE
	EndGlobalSection
	GlobalSection(ProjectConfigurationPlatforms) = postSolution
		{DCACB667-2BCA-4BAC-9EB8-3C48961CA610}.Debug|Any CPU.ActiveCfg = Debug|Any CPU
		{DCACB667-2BCA-4BAC-9EB8-3C48961CA610}.Debug|Any CPU.Build.0 = Debug|Any CPU
		{DCACB667-2BCA-4BAC-9EB8-3C48961CA610}.Release|Any CPU.ActiveCfg = Release|Any CPU
		{DCACB667-2BCA-4BAC-9EB8-3C48961CA610}.Release|Any CPU.Build.0 = Release|Any CPU
		{74424ACD-5E39-403C-A21D-717AC58047F4}.Debug|Any CPU.ActiveCfg = Debug|Any CPU
		{74424ACD-5E39-403C-A21D-717AC58047F4}.Debug|Any CPU.Build.0 = Debug|Any CPU
		{74424ACD-5E39-403C-A21D-717AC58047F4}.Release|Any CPU.ActiveCfg = Release|Any CPU
		{74424ACD-5E39-403C-A21D-717AC58047F4}.Release|Any CPU.Build.0 = Release|Any CPU
		{F3CF4D73-CEC0-40E6-9436-F4068232C5C6}.Debug|Any CPU.ActiveCfg = Debug|Any CPU
		{F3CF4D73-CEC0-40E6-9436-F4068232C5C6}.Debug|Any CPU.Build.0 = Debug|Any CPU
		{F3CF4D73-CEC0-40E6-9436-F4068232C5C6}.Release|Any CPU.ActiveCfg = Release|Any CPU
		{F3CF4D73-CEC0-40E6-9436-F4068232C5C6}.Release|Any CPU.Build.0 = Release|Any CPU
	EndGlobalSection
EndGlobal
